// !$*UTF8*$!
{
	archiveVersion = 1;
	classes = {
	};
	objectVersion = 56;
	objects = {

/* Begin PBXBuildFile section */
		2B889AA52A81A48600883DFB /* AppDelegate.swift in Sources */ = {isa = PBXBuildFile; fileRef = 2B889AA42A81A48600883DFB /* AppDelegate.swift */; };
		2B889AA72A81A48600883DFB /* SceneDelegate.swift in Sources */ = {isa = PBXBuildFile; fileRef = 2B889AA62A81A48600883DFB /* SceneDelegate.swift */; };
		2B889AA92A81A48600883DFB /* ViewController.swift in Sources */ = {isa = PBXBuildFile; fileRef = 2B889AA82A81A48600883DFB /* ViewController.swift */; };
		2B889AAE2A81A48600883DFB /* Assets.xcassets in Resources */ = {isa = PBXBuildFile; fileRef = 2B889AAD2A81A48600883DFB /* Assets.xcassets */; };
		2B889AB12A81A48600883DFB /* LaunchScreen.storyboard in Resources */ = {isa = PBXBuildFile; fileRef = 2B889AAF2A81A48600883DFB /* LaunchScreen.storyboard */; };
		2B889ABA2A81A4EA00883DFB /* SnapKit in Frameworks */ = {isa = PBXBuildFile; productRef = 2B889AB92A81A4EA00883DFB /* SnapKit */; };
		2B889ABD2A81A56F00883DFB /* RootViewController.swift in Sources */ = {isa = PBXBuildFile; fileRef = 2B889ABC2A81A56F00883DFB /* RootViewController.swift */; };
		2B889AC02A81A5E000883DFB /* CardsCollectionView.swift in Sources */ = {isa = PBXBuildFile; fileRef = 2B889ABF2A81A5E000883DFB /* CardsCollectionView.swift */; };
/* End PBXBuildFile section */

/* Begin PBXFileReference section */
		2B889AA12A81A48600883DFB /* LabWeek3Day2.app */ = {isa = PBXFileReference; explicitFileType = wrapper.application; includeInIndex = 0; path = LabWeek3Day2.app; sourceTree = BUILT_PRODUCTS_DIR; };
		2B889AA42A81A48600883DFB /* AppDelegate.swift */ = {isa = PBXFileReference; lastKnownFileType = sourcecode.swift; path = AppDelegate.swift; sourceTree = "<group>"; };
		2B889AA62A81A48600883DFB /* SceneDelegate.swift */ = {isa = PBXFileReference; lastKnownFileType = sourcecode.swift; path = SceneDelegate.swift; sourceTree = "<group>"; };
		2B889AA82A81A48600883DFB /* ViewController.swift */ = {isa = PBXFileReference; lastKnownFileType = sourcecode.swift; path = ViewController.swift; sourceTree = "<group>"; };
		2B889AAD2A81A48600883DFB /* Assets.xcassets */ = {isa = PBXFileReference; lastKnownFileType = folder.assetcatalog; path = Assets.xcassets; sourceTree = "<group>"; };
		2B889AB02A81A48600883DFB /* Base */ = {isa = PBXFileReference; lastKnownFileType = file.storyboard; name = Base; path = Base.lproj/LaunchScreen.storyboard; sourceTree = "<group>"; };
		2B889AB22A81A48600883DFB /* Info.plist */ = {isa = PBXFileReference; lastKnownFileType = text.plist.xml; path = Info.plist; sourceTree = "<group>"; };
		2B889ABC2A81A56F00883DFB /* RootViewController.swift */ = {isa = PBXFileReference; lastKnownFileType = sourcecode.swift; path = RootViewController.swift; sourceTree = "<group>"; };
		2B889ABF2A81A5E000883DFB /* CardsCollectionView.swift */ = {isa = PBXFileReference; lastKnownFileType = sourcecode.swift; path = CardsCollectionView.swift; sourceTree = "<group>"; };
/* End PBXFileReference section */

/* Begin PBXFrameworksBuildPhase section */
		2B889A9E2A81A48600883DFB /* Frameworks */ = {
			isa = PBXFrameworksBuildPhase;
			buildActionMask = 2147483647;
			files = (
				2B889ABA2A81A4EA00883DFB /* SnapKit in Frameworks */,
			);
			runOnlyForDeploymentPostprocessing = 0;
		};
/* End PBXFrameworksBuildPhase section */

/* Begin PBXGroup section */
		2B889A982A81A48600883DFB = {
			isa = PBXGroup;
			children = (
				2B889AA32A81A48600883DFB /* LabWeek3Day2 */,
				2B889AA22A81A48600883DFB /* Products */,
			);
			sourceTree = "<group>";
		};
		2B889AA22A81A48600883DFB /* Products */ = {
			isa = PBXGroup;
			children = (
				2B889AA12A81A48600883DFB /* LabWeek3Day2.app */,
			);
			name = Products;
			sourceTree = "<group>";
		};
		2B889AA32A81A48600883DFB /* LabWeek3Day2 */ = {
			isa = PBXGroup;
			children = (
				2B889ABE2A81A58E00883DFB /* Views */,
				2B889ABB2A81A54100883DFB /* Controllers */,
				2B889AA42A81A48600883DFB /* AppDelegate.swift */,
				2B889AA62A81A48600883DFB /* SceneDelegate.swift */,
				2B889AA82A81A48600883DFB /* ViewController.swift */,
				2B889AAD2A81A48600883DFB /* Assets.xcassets */,
				2B889AAF2A81A48600883DFB /* LaunchScreen.storyboard */,
				2B889AB22A81A48600883DFB /* Info.plist */,
			);
			path = LabWeek3Day2;
			sourceTree = "<group>";
		};
		2B889ABB2A81A54100883DFB /* Controllers */ = {
			isa = PBXGroup;
			children = (
				2B889ABC2A81A56F00883DFB /* RootViewController.swift */,
			);
			path = Controllers;
			sourceTree = "<group>";
		};
		2B889ABE2A81A58E00883DFB /* Views */ = {
			isa = PBXGroup;
			children = (
				2B889ABF2A81A5E000883DFB /* CardsCollectionView.swift */,
			);
			path = Views;
			sourceTree = "<group>";
		};
/* End PBXGroup section */

/* Begin PBXNativeTarget section */
		2B889AA02A81A48600883DFB /* LabWeek3Day2 */ = {
			isa = PBXNativeTarget;
			buildConfigurationList = 2B889AB52A81A48600883DFB /* Build configuration list for PBXNativeTarget "LabWeek3Day2" */;
			buildPhases = (
				2B889A9D2A81A48600883DFB /* Sources */,
				2B889A9E2A81A48600883DFB /* Frameworks */,
				2B889A9F2A81A48600883DFB /* Resources */,
			);
			buildRules = (
			);
			dependencies = (
			);
			name = LabWeek3Day2;
			packageProductDependencies = (
				2B889AB92A81A4EA00883DFB /* SnapKit */,
			);
			productName = LabWeek3Day2;
			productReference = 2B889AA12A81A48600883DFB /* LabWeek3Day2.app */;
			productType = "com.apple.product-type.application";
		};
/* End PBXNativeTarget section */

/* Begin PBXProject section */
		2B889A992A81A48600883DFB /* Project object */ = {
			isa = PBXProject;
			attributes = {
				BuildIndependentTargetsInParallel = 1;
				LastSwiftUpdateCheck = 1430;
				LastUpgradeCheck = 1430;
				TargetAttributes = {
					2B889AA02A81A48600883DFB = {
						CreatedOnToolsVersion = 14.3.1;
					};
				};
			};
			buildConfigurationList = 2B889A9C2A81A48600883DFB /* Build configuration list for PBXProject "LabWeek3Day2" */;
			compatibilityVersion = "Xcode 14.0";
			developmentRegion = en;
			hasScannedForEncodings = 0;
			knownRegions = (
				en,
				Base,
			);
			mainGroup = 2B889A982A81A48600883DFB;
			packageReferences = (
				2B889AB82A81A4EA00883DFB /* XCRemoteSwiftPackageReference "SnapKit" */,
			);
			productRefGroup = 2B889AA22A81A48600883DFB /* Products */;
			projectDirPath = "";
			projectRoot = "";
			targets = (
				2B889AA02A81A48600883DFB /* LabWeek3Day2 */,
			);
		};
/* End PBXProject section */

/* Begin PBXResourcesBuildPhase section */
		2B889A9F2A81A48600883DFB /* Resources */ = {
			isa = PBXResourcesBuildPhase;
			buildActionMask = 2147483647;
			files = (
				2B889AB12A81A48600883DFB /* LaunchScreen.storyboard in Resources */,
				2B889AAE2A81A48600883DFB /* Assets.xcassets in Resources */,
			);
			runOnlyForDeploymentPostprocessing = 0;
		};
/* End PBXResourcesBuildPhase section */

/* Begin PBXSourcesBuildPhase section */
		2B889A9D2A81A48600883DFB /* Sources */ = {
			isa = PBXSourcesBuildPhase;
			buildActionMask = 2147483647;
			files = (
				2B889AA92A81A48600883DFB /* ViewController.swift in Sources */,
				2B889AA52A81A48600883DFB /* AppDelegate.swift in Sources */,
				2B889ABD2A81A56F00883DFB /* RootViewController.swift in Sources */,
				2B889AA72A81A48600883DFB /* SceneDelegate.swift in Sources */,
				2B889AC02A81A5E000883DFB /* CardsCollectionView.swift in Sources */,
			);
			runOnlyForDeploymentPostprocessing = 0;
		};
/* End PBXSourcesBuildPhase section */

/* Begin PBXVariantGroup section */
		2B889AAF2A81A48600883DFB /* LaunchScreen.storyboard */ = {
			isa = PBXVariantGroup;
			children = (
				2B889AB02A81A48600883DFB /* Base */,
			);
			name = LaunchScreen.storyboard;
			sourceTree = "<group>";
		};
/* End PBXVariantGroup section */

/* Begin XCBuildConfiguration section */
		2B889AB32A81A48600883DFB /* Debug */ = {
			isa = XCBuildConfiguration;
			buildSettings = {
				ALWAYS_SEARCH_USER_PATHS = NO;
				CLANG_ANALYZER_NONNULL = YES;
				CLANG_ANALYZER_NUMBER_OBJECT_CONVERSION = YES_AGGRESSIVE;
				CLANG_CXX_LANGUAGE_STANDARD = "gnu++20";
				CLANG_ENABLE_MODULES = YES;
				CLANG_ENABLE_OBJC_ARC = YES;
				CLANG_ENABLE_OBJC_WEAK = YES;
				CLANG_WARN_BLOCK_CAPTURE_AUTORELEASING = YES;
				CLANG_WARN_BOOL_CONVERSION = YES;
				CLANG_WARN_COMMA = YES;
				CLANG_WARN_CONSTANT_CONVERSION = YES;
				CLANG_WARN_DEPRECATED_OBJC_IMPLEMENTATIONS = YES;
				CLANG_WARN_DIRECT_OBJC_ISA_USAGE = YES_ERROR;
				CLANG_WARN_DOCUMENTATION_COMMENTS = YES;
				CLANG_WARN_EMPTY_BODY = YES;
				CLANG_WARN_ENUM_CONVERSION = YES;
				CLANG_WARN_INFINITE_RECURSION = YES;
				CLANG_WARN_INT_CONVERSION = YES;
				CLANG_WARN_NON_LITERAL_NULL_CONVERSION = YES;
				CLANG_WARN_OBJC_IMPLICIT_RETAIN_SELF = YES;
				CLANG_WARN_OBJC_LITERAL_CONVERSION = YES;
				CLANG_WARN_OBJC_ROOT_CLASS = YES_ERROR;
				CLANG_WARN_QUOTED_INCLUDE_IN_FRAMEWORK_HEADER = YES;
				CLANG_WARN_RANGE_LOOP_ANALYSIS = YES;
				CLANG_WARN_STRICT_PROTOTYPES = YES;
				CLANG_WARN_SUSPICIOUS_MOVE = YES;
				CLANG_WARN_UNGUARDED_AVAILABILITY = YES_AGGRESSIVE;
				CLANG_WARN_UNREACHABLE_CODE = YES;
				CLANG_WARN__DUPLICATE_METHOD_MATCH = YES;
				COPY_PHASE_STRIP = NO;
				DEBUG_INFORMATION_FORMAT = dwarf;
				ENABLE_STRICT_OBJC_MSGSEND = YES;
				ENABLE_TESTABILITY = YES;
				GCC_C_LANGUAGE_STANDARD = gnu11;
				GCC_DYNAMIC_NO_PIC = NO;
				GCC_NO_COMMON_BLOCKS = YES;
				GCC_OPTIMIZATION_LEVEL = 0;
				GCC_PREPROCESSOR_DEFINITIONS = (
					"DEBUG=1",
					"$(inherited)",
				);
				GCC_WARN_64_TO_32_BIT_CONVERSION = YES;
				GCC_WARN_ABOUT_RETURN_TYPE = YES_ERROR;
				GCC_WARN_UNDECLARED_SELECTOR = YES;
				GCC_WARN_UNINITIALIZED_AUTOS = YES_AGGRESSIVE;
				GCC_WARN_UNUSED_FUNCTION = YES;
				GCC_WARN_UNUSED_VARIABLE = YES;
				IPHONEOS_DEPLOYMENT_TARGET = 16.4;
				MTL_ENABLE_DEBUG_INFO = INCLUDE_SOURCE;
				MTL_FAST_MATH = YES;
				ONLY_ACTIVE_ARCH = YES;
				SDKROOT = iphoneos;
				SWIFT_ACTIVE_COMPILATION_CONDITIONS = DEBUG;
				SWIFT_OPTIMIZATION_LEVEL = "-Onone";
			};
			name = Debug;
		};
		2B889AB42A81A48600883DFB /* Release */ = {
			isa = XCBuildConfiguration;
			buildSettings = {
				ALWAYS_SEARCH_USER_PATHS = NO;
				CLANG_ANALYZER_NONNULL = YES;
				CLANG_ANALYZER_NUMBER_OBJECT_CONVERSION = YES_AGGRESSIVE;
				CLANG_CXX_LANGUAGE_STANDARD = "gnu++20";
				CLANG_ENABLE_MODULES = YES;
				CLANG_ENABLE_OBJC_ARC = YES;
				CLANG_ENABLE_OBJC_WEAK = YES;
				CLANG_WARN_BLOCK_CAPTURE_AUTORELEASING = YES;
				CLANG_WARN_BOOL_CONVERSION = YES;
				CLANG_WARN_COMMA = YES;
				CLANG_WARN_CONSTANT_CONVERSION = YES;
				CLANG_WARN_DEPRECATED_OBJC_IMPLEMENTATIONS = YES;
				CLANG_WARN_DIRECT_OBJC_ISA_USAGE = YES_ERROR;
				CLANG_WARN_DOCUMENTATION_COMMENTS = YES;
				CLANG_WARN_EMPTY_BODY = YES;
				CLANG_WARN_ENUM_CONVERSION = YES;
				CLANG_WARN_INFINITE_RECURSION = YES;
				CLANG_WARN_INT_CONVERSION = YES;
				CLANG_WARN_NON_LITERAL_NULL_CONVERSION = YES;
				CLANG_WARN_OBJC_IMPLICIT_RETAIN_SELF = YES;
				CLANG_WARN_OBJC_LITERAL_CONVERSION = YES;
				CLANG_WARN_OBJC_ROOT_CLASS = YES_ERROR;
				CLANG_WARN_QUOTED_INCLUDE_IN_FRAMEWORK_HEADER = YES;
				CLANG_WARN_RANGE_LOOP_ANALYSIS = YES;
				CLANG_WARN_STRICT_PROTOTYPES = YES;
				CLANG_WARN_SUSPICIOUS_MOVE = YES;
				CLANG_WARN_UNGUARDED_AVAILABILITY = YES_AGGRESSIVE;
				CLANG_WARN_UNREACHABLE_CODE = YES;
				CLANG_WARN__DUPLICATE_METHOD_MATCH = YES;
				COPY_PHASE_STRIP = NO;
				DEBUG_INFORMATION_FORMAT = "dwarf-with-dsym";
				ENABLE_NS_ASSERTIONS = NO;
				ENABLE_STRICT_OBJC_MSGSEND = YES;
				GCC_C_LANGUAGE_STANDARD = gnu11;
				GCC_NO_COMMON_BLOCKS = YES;
				GCC_WARN_64_TO_32_BIT_CONVERSION = YES;
				GCC_WARN_ABOUT_RETURN_TYPE = YES_ERROR;
				GCC_WARN_UNDECLARED_SELECTOR = YES;
				GCC_WARN_UNINITIALIZED_AUTOS = YES_AGGRESSIVE;
				GCC_WARN_UNUSED_FUNCTION = YES;
				GCC_WARN_UNUSED_VARIABLE = YES;
				IPHONEOS_DEPLOYMENT_TARGET = 16.4;
				MTL_ENABLE_DEBUG_INFO = NO;
				MTL_FAST_MATH = YES;
				SDKROOT = iphoneos;
				SWIFT_COMPILATION_MODE = wholemodule;
				SWIFT_OPTIMIZATION_LEVEL = "-O";
				VALIDATE_PRODUCT = YES;
			};
			name = Release;
		};
		2B889AB62A81A48600883DFB /* Debug */ = {
			isa = XCBuildConfiguration;
			buildSettings = {
				ASSETCATALOG_COMPILER_APPICON_NAME = AppIcon;
				ASSETCATALOG_COMPILER_GLOBAL_ACCENT_COLOR_NAME = AccentColor;
				CODE_SIGN_STYLE = Automatic;
				CURRENT_PROJECT_VERSION = 1;
				GENERATE_INFOPLIST_FILE = YES;
				INFOPLIST_FILE = LabWeek3Day2/Info.plist;
				INFOPLIST_KEY_UIApplicationSupportsIndirectInputEvents = YES;
				INFOPLIST_KEY_UILaunchStoryboardName = LaunchScreen;
				INFOPLIST_KEY_UISupportedInterfaceOrientations_iPad = "UIInterfaceOrientationPortrait UIInterfaceOrientationPortraitUpsideDown UIInterfaceOrientationLandscapeLeft UIInterfaceOrientationLandscapeRight";
				INFOPLIST_KEY_UISupportedInterfaceOrientations_iPhone = "UIInterfaceOrientationPortrait UIInterfaceOrientationLandscapeLeft UIInterfaceOrientationLandscapeRight";
				LD_RUNPATH_SEARCH_PATHS = (
					"$(inherited)",
					"@executable_path/Frameworks",
				);
				MARKETING_VERSION = 1.0;
				PRODUCT_BUNDLE_IDENTIFIER = Rana.LabWeek3Day2;
				PRODUCT_NAME = "$(TARGET_NAME)";
				SWIFT_EMIT_LOC_STRINGS = YES;
				SWIFT_VERSION = 5.0;
				TARGETED_DEVICE_FAMILY = "1,2";
			};
			name = Debug;
		};
		2B889AB72A81A48600883DFB /* Release */ = {
			isa = XCBuildConfiguration;
			buildSettings = {
				ASSETCATALOG_COMPILER_APPICON_NAME = AppIcon;
				ASSETCATALOG_COMPILER_GLOBAL_ACCENT_COLOR_NAME = AccentColor;
				CODE_SIGN_STYLE = Automatic;
				CURRENT_PROJECT_VERSION = 1;
				GENERATE_INFOPLIST_FILE = YES;
				INFOPLIST_FILE = LabWeek3Day2/Info.plist;
				INFOPLIST_KEY_UIApplicationSupportsIndirectInputEvents = YES;
				INFOPLIST_KEY_UILaunchStoryboardName = LaunchScreen;
				INFOPLIST_KEY_UISupportedInterfaceOrientations_iPad = "UIInterfaceOrientationPortrait UIInterfaceOrientationPortraitUpsideDown UIInterfaceOrientationLandscapeLeft UIInterfaceOrientationLandscapeRight";
				INFOPLIST_KEY_UISupportedInterfaceOrientations_iPhone = "UIInterfaceOrientationPortrait UIInterfaceOrientationLandscapeLeft UIInterfaceOrientationLandscapeRight";
				LD_RUNPATH_SEARCH_PATHS = (
					"$(inherited)",
					"@executable_path/Frameworks",
				);
				MARKETING_VERSION = 1.0;
				PRODUCT_BUNDLE_IDENTIFIER = Rana.LabWeek3Day2;
				PRODUCT_NAME = "$(TARGET_NAME)";
				SWIFT_EMIT_LOC_STRINGS = YES;
				SWIFT_VERSION = 5.0;
				TARGETED_DEVICE_FAMILY = "1,2";
			};
			name = Release;
		};
/* End XCBuildConfiguration section */

/* Begin XCConfigurationList section */
		2B889A9C2A81A48600883DFB /* Build configuration list for PBXProject "LabWeek3Day2" */ = {
			isa = XCConfigurationList;
			buildConfigurations = (
				2B889AB32A81A48600883DFB /* Debug */,
				2B889AB42A81A48600883DFB /* Release */,
			);
			defaultConfigurationIsVisible = 0;
			defaultConfigurationName = Release;
		};
		2B889AB52A81A48600883DFB /* Build configuration list for PBXNativeTarget "LabWeek3Day2" */ = {
			isa = XCConfigurationList;
			buildConfigurations = (
				2B889AB62A81A48600883DFB /* Debug */,
				2B889AB72A81A48600883DFB /* Release */,
			);
			defaultConfigurationIsVisible = 0;
			defaultConfigurationName = Release;
		};
/* End XCConfigurationList section */

/* Begin XCRemoteSwiftPackageReference section */
		2B889AB82A81A4EA00883DFB /* XCRemoteSwiftPackageReference "SnapKit" */ = {
			isa = XCRemoteSwiftPackageReference;
			repositoryURL = "https://github.com/SnapKit/SnapKit";
			requirement = {
				kind = upToNextMajorVersion;
				minimumVersion = 5.0.0;
			};
		};
/* End XCRemoteSwiftPackageReference section */

/* Begin XCSwiftPackageProductDependency section */
		2B889AB92A81A4EA00883DFB /* SnapKit */ = {
			isa = XCSwiftPackageProductDependency;
			package = 2B889AB82A81A4EA00883DFB /* XCRemoteSwiftPackageReference "SnapKit" */;
			productName = SnapKit;
		};
/* End XCSwiftPackageProductDependency section */
	};
	rootObject = 2B889A992A81A48600883DFB /* Project object */;
}
